// !$*UTF8*$!
{
	archiveVersion = 1;
	classes = {
	};
	objectVersion = 48;
	objects = {

/* Begin PBXBuildFile section */
		F8297BC2203179AD00E4B977 /* AppDelegate.swift in Sources */ = {isa = PBXBuildFile; fileRef = F8297BC1203179AD00E4B977 /* AppDelegate.swift */; };
		F8297BC4203179AD00E4B977 /* ViewController.swift in Sources */ = {isa = PBXBuildFile; fileRef = F8297BC3203179AD00E4B977 /* ViewController.swift */; };
		F8297BC7203179AD00E4B977 /* Main.storyboard in Resources */ = {isa = PBXBuildFile; fileRef = F8297BC5203179AD00E4B977 /* Main.storyboard */; };
		F8297BC9203179AD00E4B977 /* Assets.xcassets in Resources */ = {isa = PBXBuildFile; fileRef = F8297BC8203179AD00E4B977 /* Assets.xcassets */; };
		F8297BCC203179AD00E4B977 /* LaunchScreen.storyboard in Resources */ = {isa = PBXBuildFile; fileRef = F8297BCA203179AD00E4B977 /* LaunchScreen.storyboard */; };
		F82DF1FE204E91ED0094608B /* DetailViewController.swift in Sources */ = {isa = PBXBuildFile; fileRef = F82DF1FD204E91EC0094608B /* DetailViewController.swift */; };
/* End PBXBuildFile section */

/* Begin PBXFileReference section */
		F8297BBE203179AD00E4B977 /* Easy Notes.app */ = {isa = PBXFileReference; explicitFileType = wrapper.application; includeInIndex = 0; path = "Easy Notes.app"; sourceTree = BUILT_PRODUCTS_DIR; };
		F8297BC1203179AD00E4B977 /* AppDelegate.swift */ = {isa = PBXFileReference; lastKnownFileType = sourcecode.swift; path = AppDelegate.swift; sourceTree = "<group>"; };
		F8297BC3203179AD00E4B977 /* ViewController.swift */ = {isa = PBXFileReference; lastKnownFileType = sourcecode.swift; path = ViewController.swift; sourceTree = "<group>"; };
		F8297BC6203179AD00E4B977 /* Base */ = {isa = PBXFileReference; lastKnownFileType = file.storyboard; name = Base; path = Base.lproj/Main.storyboard; sourceTree = "<group>"; };
		F8297BC8203179AD00E4B977 /* Assets.xcassets */ = {isa = PBXFileReference; lastKnownFileType = folder.assetcatalog; path = Assets.xcassets; sourceTree = "<group>"; };
		F8297BCB203179AD00E4B977 /* Base */ = {isa = PBXFileReference; lastKnownFileType = file.storyboard; name = Base; path = Base.lproj/LaunchScreen.storyboard; sourceTree = "<group>"; };
		F8297BCD203179AD00E4B977 /* Info.plist */ = {isa = PBXFileReference; lastKnownFileType = text.plist.xml; path = Info.plist; sourceTree = "<group>"; };
		F82DF1FD204E91EC0094608B /* DetailViewController.swift */ = {isa = PBXFileReference; lastKnownFileType = sourcecode.swift; path = DetailViewController.swift; sourceTree = "<group>"; };
/* End PBXFileReference section */

/* Begin PBXFrameworksBuildPhase section */
		F8297BBB203179AD00E4B977 /* Frameworks */ = {
			isa = PBXFrameworksBuildPhase;
			buildActionMask = 2147483647;
			files = (
			);
			runOnlyForDeploymentPostprocessing = 0;
		};
/* End PBXFrameworksBuildPhase section */

/* Begin PBXGroup section */
		F8297BB5203179AC00E4B977 = {
			isa = PBXGroup;
			children = (
				F8297BC0203179AD00E4B977 /* Easy Notes */,
				F8297BBF203179AD00E4B977 /* Products */,
			);
			sourceTree = "<group>";
		};
		F8297BBF203179AD00E4B977 /* Products */ = {
			isa = PBXGroup;
			children = (
				F8297BBE203179AD00E4B977 /* Easy Notes.app */,
			);
			name = Products;
			sourceTree = "<group>";
		};
		F8297BC0203179AD00E4B977 /* Easy Notes */ = {
			isa = PBXGroup;
			children = (
				F8297BC1203179AD00E4B977 /* AppDelegate.swift */,
				F8297BC3203179AD00E4B977 /* ViewController.swift */,
				F82DF1FD204E91EC0094608B /* DetailViewController.swift */,
				F8297BC5203179AD00E4B977 /* Main.storyboard */,
				F8297BC8203179AD00E4B977 /* Assets.xcassets */,
				F8297BCA203179AD00E4B977 /* LaunchScreen.storyboard */,
				F8297BCD203179AD00E4B977 /* Info.plist */,
			);
			path = "Easy Notes";
			sourceTree = "<group>";
		};
/* End PBXGroup section */

/* Begin PBXNativeTarget section */
		F8297BBD203179AD00E4B977 /* Easy Notes */ = {
			isa = PBXNativeTarget;
			buildConfigurationList = F8297BD0203179AD00E4B977 /* Build configuration list for PBXNativeTarget "Easy Notes" */;
			buildPhases = (
				F8297BBA203179AD00E4B977 /* Sources */,
				F8297BBB203179AD00E4B977 /* Frameworks */,
				F8297BBC203179AD00E4B977 /* Resources */,
			);
			buildRules = (
			);
			dependencies = (
			);
			name = "Easy Notes";
			productName = "Easy Notes";
			productReference = F8297BBE203179AD00E4B977 /* Easy Notes.app */;
			productType = "com.apple.product-type.application";
		};
/* End PBXNativeTarget section */

/* Begin PBXProject section */
		F8297BB6203179AC00E4B977 /* Project object */ = {
			isa = PBXProject;
			attributes = {
				LastSwiftUpdateCheck = 0920;
				LastUpgradeCheck = 0920;
				ORGANIZATIONNAME = webhawksit;
				TargetAttributes = {
					F8297BBD203179AD00E4B977 = {
						CreatedOnToolsVersion = 9.2;
						ProvisioningStyle = Automatic;
					};
				};
			};
			buildConfigurationList = F8297BB9203179AD00E4B977 /* Build configuration list for PBXProject "Easy Notes" */;
			compatibilityVersion = "Xcode 8.0";
			developmentRegion = en;
			hasScannedForEncodings = 0;
			knownRegions = (
				en,
				Base,
			);
			mainGroup = F8297BB5203179AC00E4B977;
			productRefGroup = F8297BBF203179AD00E4B977 /* Products */;
			projectDirPath = "";
			projectRoot = "";
			targets = (
				F8297BBD203179AD00E4B977 /* Easy Notes */,
			);
		};
/* End PBXProject section */

/* Begin PBXResourcesBuildPhase section */
		F8297BBC203179AD00E4B977 /* Resources */ = {
			isa = PBXResourcesBuildPhase;
			buildActionMask = 2147483647;
			files = (
				F8297BCC203179AD00E4B977 /* LaunchScreen.storyboard in Resources */,
				F8297BC9203179AD00E4B977 /* Assets.xcassets in Resources */,
				F8297BC7203179AD00E4B977 /* Main.storyboard in Resources */,
			);
			runOnlyForDeploymentPostprocessing = 0;
		};
/* End PBXResourcesBuildPhase section */

/* Begin PBXSourcesBuildPhase section */
		F8297BBA203179AD00E4B977 /* Sources */ = {
			isa = PBXSourcesBuildPhase;
			buildActionMask = 2147483647;
			files = (
				F82DF1FE204E91ED0094608B /* DetailViewController.swift in Sources */,
				F8297BC4203179AD00E4B977 /* ViewController.swift in Sources */,
				F8297BC2203179AD00E4B977 /* AppDelegate.swift in Sources */,
			);
			runOnlyForDeploymentPostprocessing = 0;
		};
/* End PBXSourcesBuildPhase section */

/* Begin PBXVariantGroup section */
		F8297BC5203179AD00E4B977 /* Main.storyboard */ = {
			isa = PBXVariantGroup;
			children = (
				F8297BC6203179AD00E4B977 /* Base */,
			);
			name = Main.storyboard;
			sourceTree = "<group>";
		};
		F8297BCA203179AD00E4B977 /* LaunchScreen.storyboard */ = {
			isa = PBXVariantGroup;
			children = (
				F8297BCB203179AD00E4B977 /* Base */,
			);
			name = LaunchScreen.storyboard;
			sourceTree = "<group>";
		};
/* End PBXVariantGroup section */

/* Begin XCBuildConfiguration section */
		F8297BCE203179AD00E4B977 /* Debug */ = {
			isa = XCBuildConfiguration;
			buildSettings = {
				ALWAYS_SEARCH_USER_PATHS = NO;
				CLANG_ANALYZER_NONNULL = YES;
				CLANG_ANALYZER_NUMBER_OBJECT_CONVERSION = YES_AGGRESSIVE;
				CLANG_CXX_LANGUAGE_STANDARD = "gnu++14";
				CLANG_CXX_LIBRARY = "libc++";
				CLANG_ENABLE_MODULES = YES;
				CLANG_ENABLE_OBJC_ARC = YES;
				CLANG_WARN_BLOCK_CAPTURE_AUTORELEASING = YES;
				CLANG_WARN_BOOL_CONVERSION = YES;
				CLANG_WARN_COMMA = YES;
				CLANG_WARN_CONSTANT_CONVERSION = YES;
				CLANG_WARN_DIRECT_OBJC_ISA_USAGE = YES_ERROR;
				CLANG_WARN_DOCUMENTATION_COMMENTS = YES;
				CLANG_WARN_EMPTY_BODY = YES;
				CLANG_WARN_ENUM_CONVERSION = YES;
				CLANG_WARN_INFINITE_RECURSION = YES;
				CLANG_WARN_INT_CONVERSION = YES;
				CLANG_WARN_NON_LITERAL_NULL_CONVERSION = YES;
				CLANG_WARN_OBJC_LITERAL_CONVERSION = YES;
				CLANG_WARN_OBJC_ROOT_CLASS = YES_ERROR;
				CLANG_WARN_RANGE_LOOP_ANALYSIS = YES;
				CLANG_WARN_STRICT_PROTOTYPES = YES;
				CLANG_WARN_SUSPICIOUS_MOVE = YES;
				CLANG_WARN_UNGUARDED_AVAILABILITY = YES_AGGRESSIVE;
				CLANG_WARN_UNREACHABLE_CODE = YES;
				CLANG_WARN__DUPLICATE_METHOD_MATCH = YES;
				CODE_SIGN_IDENTITY = "iPhone Developer";
				COPY_PHASE_STRIP = NO;
				DEBUG_INFORMATION_FORMAT = dwarf;
				ENABLE_STRICT_OBJC_MSGSEND = YES;
				ENABLE_TESTABILITY = YES;
				GCC_C_LANGUAGE_STANDARD = gnu11;
				GCC_DYNAMIC_NO_PIC = NO;
				GCC_NO_COMMON_BLOCKS = YES;
				GCC_OPTIMIZATION_LEVEL = 0;
				GCC_PREPROCESSOR_DEFINITIONS = (
					"DEBUG=1",
					"$(inherited)",
				);
				GCC_WARN_64_TO_32_BIT_CONVERSION = YES;
				GCC_WARN_ABOUT_RETURN_TYPE = YES_ERROR;
				GCC_WARN_UNDECLARED_SELECTOR = YES;
				GCC_WARN_UNINITIALIZED_AUTOS = YES_AGGRESSIVE;
				GCC_WARN_UNUSED_FUNCTION = YES;
				GCC_WARN_UNUSED_VARIABLE = YES;
				IPHONEOS_DEPLOYMENT_TARGET = 11.2;
				MTL_ENABLE_DEBUG_INFO = YES;
				ONLY_ACTIVE_ARCH = YES;
				SDKROOT = iphoneos;
				SWIFT_ACTIVE_COMPILATION_CONDITIONS = DEBUG;
				SWIFT_OPTIMIZATION_LEVEL = "-Onone";
			};
			name = Debug;
		};
		F8297BCF203179AD00E4B977 /* Release */ = {
			isa = XCBuildConfiguration;
			buildSettings = {
				ALWAYS_SEARCH_USER_PATHS = NO;
				CLANG_ANALYZER_NONNULL = YES;
				CLANG_ANALYZER_NUMBER_OBJECT_CONVERSION = YES_AGGRESSIVE;
				CLANG_CXX_LANGUAGE_STANDARD = "gnu++14";
				CLANG_CXX_LIBRARY = "libc++";
				CLANG_ENABLE_MODULES = YES;
				CLANG_ENABLE_OBJC_ARC = YES;
				CLANG_WARN_BLOCK_CAPTURE_AUTORELEASING = YES;
				CLANG_WARN_BOOL_CONVERSION = YES;
				CLANG_WARN_COMMA = YES;
				CLANG_WARN_CONSTANT_CONVERSION = YES;
				CLANG_WARN_DIRECT_OBJC_ISA_USAGE = YES_ERROR;
				CLANG_WARN_DOCUMENTATION_COMMENTS = YES;
				CLANG_WARN_EMPTY_BODY = YES;
				CLANG_WARN_ENUM_CONVERSION = YES;
				CLANG_WARN_INFINITE_RECURSION = YES;
				CLANG_WARN_INT_CONVERSION = YES;
				CLANG_WARN_NON_LITERAL_NULL_CONVERSION = YES;
				CLANG_WARN_OBJC_LITERAL_CONVERSION = YES;
				CLANG_WARN_OBJC_ROOT_CLASS = YES_ERROR;
				CLANG_WARN_RANGE_LOOP_ANALYSIS = YES;
				CLANG_WARN_STRICT_PROTOTYPES = YES;
				CLANG_WARN_SUSPICIOUS_MOVE = YES;
				CLANG_WARN_UNGUARDED_AVAILABILITY = YES_AGGRESSIVE;
				CLANG_WARN_UNREACHABLE_CODE = YES;
				CLANG_WARN__DUPLICATE_METHOD_MATCH = YES;
				CODE_SIGN_IDENTITY = "iPhone Developer";
				COPY_PHASE_STRIP = NO;
				DEBUG_INFORMATION_FORMAT = "dwarf-with-dsym";
				ENABLE_NS_ASSERTIONS = NO;
				ENABLE_STRICT_OBJC_MSGSEND = YES;
				GCC_C_LANGUAGE_STANDARD = gnu11;
				GCC_NO_COMMON_BLOCKS = YES;
				GCC_WARN_64_TO_32_BIT_CONVERSION = YES;
				GCC_WARN_ABOUT_RETURN_TYPE = YES_ERROR;
				GCC_WARN_UNDECLARED_SELECTOR = YES;
				GCC_WARN_UNINITIALIZED_AUTOS = YES_AGGRESSIVE;
				GCC_WARN_UNUSED_FUNCTION = YES;
				GCC_WARN_UNUSED_VARIABLE = YES;
				IPHONEOS_DEPLOYMENT_TARGET = 11.2;
				MTL_ENABLE_DEBUG_INFO = NO;
				SDKROOT = iphoneos;
				SWIFT_OPTIMIZATION_LEVEL = "-Owholemodule";
				VALIDATE_PRODUCT = YES;
			};
			name = Release;
		};
		F8297BD1203179AD00E4B977 /* Debug */ = {
			isa = XCBuildConfiguration;
			buildSettings = {
				ASSETCATALOG_COMPILER_APPICON_NAME = AppIcon;
				CODE_SIGN_STYLE = Automatic;
				DEVELOPMENT_TEAM = DDM3DPL9JA;
				INFOPLIST_FILE = "Easy Notes/Info.plist";
				LD_RUNPATH_SEARCH_PATHS = "$(inherited) @executable_path/Frameworks";
				PRODUCT_BUNDLE_IDENTIFIER = "me.sabbirahmed.Easy-Notes";
				PRODUCT_NAME = "$(TARGET_NAME)";
				SWIFT_VERSION = 4.0;
				TARGETED_DEVICE_FAMILY = "1,2";
			};
			name = Debug;
		};
		F8297BD2203179AD00E4B977 /* Release */ = {
			isa = XCBuildConfiguration;
			buildSettings = {
				ASSETCATALOG_COMPILER_APPICON_NAME = AppIcon;
				CODE_SIGN_STYLE = Automatic;
				DEVELOPMENT_TEAM = DDM3DPL9JA;
				INFOPLIST_FILE = "Easy Notes/Info.plist";
				LD_RUNPATH_SEARCH_PATHS = "$(inherited) @executable_path/Frameworks";
				PRODUCT_BUNDLE_IDENTIFIER = "me.sabbirahmed.Easy-Notes";
				PRODUCT_NAME = "$(TARGET_NAME)";
				SWIFT_VERSION = 4.0;
				TARGETED_DEVICE_FAMILY = "1,2";
			};
			name = Release;
		};
/* End XCBuildConfiguration section */

/* Begin XCConfigurationList section */
		F8297BB9203179AD00E4B977 /* Build configuration list for PBXProject "Easy Notes" */ = {
			isa = XCConfigurationList;
			buildConfigurations = (
				F8297BCE203179AD00E4B977 /* Debug */,
				F8297BCF203179AD00E4B977 /* Release */,
			);
			defaultConfigurationIsVisible = 0;
			defaultConfigurationName = Release;
		};
		F8297BD0203179AD00E4B977 /* Build configuration list for PBXNativeTarget "Easy Notes" */ = {
			isa = XCConfigurationList;
			buildConfigurations = (
				F8297BD1203179AD00E4B977 /* Debug */,
				F8297BD2203179AD00E4B977 /* Release */,
			);
			defaultConfigurationIsVisible = 0;
			defaultConfigurationName = Release;
		};
/* End XCConfigurationList section */
	};
	rootObject = F8297BB6203179AC00E4B977 /* Project object */;
}
